hash: 728efdc8a0577ff3c897cb4bad583eda799ddbae1d7e0f669757c4cec54f4910
updated: 2020-04-03T14:21:01.95333309-03:00
imports:
- name: github.com/gin-gonic/gin
  version: 298ebca69107001096eaf81c4b4977b14ffa0e6d
- name: github.com/lib/pq
  version: 99274577be97ac9b1d95a2d61d566dc9b7cc6a54
testImports: []
